// !$*UTF8*$!
{
	archiveVersion = 1;
	classes = {
	};
	objectVersion = 46;
	objects = {

/* Begin PBXBuildFile section */
		B45D51FD18E535F400DBD47F /* Foundation.framework in Frameworks */ = {isa = PBXBuildFile; fileRef = B45D51FC18E535F400DBD47F /* Foundation.framework */; };
		B45D51FF18E535F400DBD47F /* CoreGraphics.framework in Frameworks */ = {isa = PBXBuildFile; fileRef = B45D51FE18E535F400DBD47F /* CoreGraphics.framework */; };
		B45D520118E535F400DBD47F /* UIKit.framework in Frameworks */ = {isa = PBXBuildFile; fileRef = B45D520018E535F400DBD47F /* UIKit.framework */; };
		B45D520718E535F400DBD47F /* InfoPlist.strings in Resources */ = {isa = PBXBuildFile; fileRef = B45D520518E535F400DBD47F /* InfoPlist.strings */; };
		B45D520918E535F400DBD47F /* main.m in Sources */ = {isa = PBXBuildFile; fileRef = B45D520818E535F400DBD47F /* main.m */; };
		B45D520D18E535F400DBD47F /* TKAppDelegate.m in Sources */ = {isa = PBXBuildFile; fileRef = B45D520C18E535F400DBD47F /* TKAppDelegate.m */; };
		B45D521318E535F400DBD47F /* TKViewController.m in Sources */ = {isa = PBXBuildFile; fileRef = B45D521218E535F400DBD47F /* TKViewController.m */; };
		B45D521518E535F400DBD47F /* Images.xcassets in Resources */ = {isa = PBXBuildFile; fileRef = B45D521418E535F400DBD47F /* Images.xcassets */; };
		B45D521C18E535F400DBD47F /* XCTest.framework in Frameworks */ = {isa = PBXBuildFile; fileRef = B45D521B18E535F400DBD47F /* XCTest.framework */; };
		B45D521D18E535F400DBD47F /* Foundation.framework in Frameworks */ = {isa = PBXBuildFile; fileRef = B45D51FC18E535F400DBD47F /* Foundation.framework */; };
		B45D521E18E535F400DBD47F /* UIKit.framework in Frameworks */ = {isa = PBXBuildFile; fileRef = B45D520018E535F400DBD47F /* UIKit.framework */; };
		B45D522618E535F400DBD47F /* InfoPlist.strings in Resources */ = {isa = PBXBuildFile; fileRef = B45D522418E535F400DBD47F /* InfoPlist.strings */; };
		B45D522818E535F400DBD47F /* DemoAppTests.m in Sources */ = {isa = PBXBuildFile; fileRef = B45D522718E535F400DBD47F /* DemoAppTests.m */; };
		B45D523218E53E7400DBD47F /* TKViewController.xib in Resources */ = {isa = PBXBuildFile; fileRef = B45D523118E53E7400DBD47F /* TKViewController.xib */; };
		B461D76918E56A1900DA6240 /* UIView+AutoLayout.m in Sources */ = {isa = PBXBuildFile; fileRef = B461D76818E56A1900DA6240 /* UIView+AutoLayout.m */; };
		B461D76B18E5701D00DA6240 /* ExploringScrollViewIOS7-Info.plist in Resources */ = {isa = PBXBuildFile; fileRef = B461D76A18E5701D00DA6240 /* ExploringScrollViewIOS7-Info.plist */; };
		B461D76F18E579CD00DA6240 /* TKScrollCell.m in Sources */ = {isa = PBXBuildFile; fileRef = B461D76D18E579CD00DA6240 /* TKScrollCell.m */; };
		B461D77018E579CD00DA6240 /* TKScrollCell.xib in Resources */ = {isa = PBXBuildFile; fileRef = B461D76E18E579CD00DA6240 /* TKScrollCell.xib */; };
/* End PBXBuildFile section */

/* Begin PBXContainerItemProxy section */
		B45D521F18E535F400DBD47F /* PBXContainerItemProxy */ = {
			isa = PBXContainerItemProxy;
			containerPortal = B45D51F118E535F400DBD47F /* Project object */;
			proxyType = 1;
			remoteGlobalIDString = B45D51F818E535F400DBD47F;
			remoteInfo = DemoApp;
		};
/* End PBXContainerItemProxy section */

/* Begin PBXFileReference section */
		B45D51F918E535F400DBD47F /* ExploringScrollViewIOS7.app */ = {isa = PBXFileReference; explicitFileType = wrapper.application; includeInIndex = 0; path = ExploringScrollViewIOS7.app; sourceTree = BUILT_PRODUCTS_DIR; };
		B45D51FC18E535F400DBD47F /* Foundation.framework */ = {isa = PBXFileReference; lastKnownFileType = wrapper.framework; name = Foundation.framework; path = System/Library/Frameworks/Foundation.framework; sourceTree = SDKROOT; };
		B45D51FE18E535F400DBD47F /* CoreGraphics.framework */ = {isa = PBXFileReference; lastKnownFileType = wrapper.framework; name = CoreGraphics.framework; path = System/Library/Frameworks/CoreGraphics.framework; sourceTree = SDKROOT; };
		B45D520018E535F400DBD47F /* UIKit.framework */ = {isa = PBXFileReference; lastKnownFileType = wrapper.framework; name = UIKit.framework; path = System/Library/Frameworks/UIKit.framework; sourceTree = SDKROOT; };
		B45D520618E535F400DBD47F /* en */ = {isa = PBXFileReference; lastKnownFileType = text.plist.strings; name = en; path = en.lproj/InfoPlist.strings; sourceTree = "<group>"; };
		B45D520818E535F400DBD47F /* main.m */ = {isa = PBXFileReference; lastKnownFileType = sourcecode.c.objc; path = main.m; sourceTree = "<group>"; };
		B45D520A18E535F400DBD47F /* ExploringScrollViewIOS7-Prefix.pch */ = {isa = PBXFileReference; lastKnownFileType = sourcecode.c.h; path = "ExploringScrollViewIOS7-Prefix.pch"; sourceTree = "<group>"; };
		B45D520B18E535F400DBD47F /* TKAppDelegate.h */ = {isa = PBXFileReference; lastKnownFileType = sourcecode.c.h; path = TKAppDelegate.h; sourceTree = "<group>"; };
		B45D520C18E535F400DBD47F /* TKAppDelegate.m */ = {isa = PBXFileReference; lastKnownFileType = sourcecode.c.objc; path = TKAppDelegate.m; sourceTree = "<group>"; };
		B45D521118E535F400DBD47F /* TKViewController.h */ = {isa = PBXFileReference; lastKnownFileType = sourcecode.c.h; path = TKViewController.h; sourceTree = "<group>"; };
		B45D521218E535F400DBD47F /* TKViewController.m */ = {isa = PBXFileReference; lastKnownFileType = sourcecode.c.objc; path = TKViewController.m; sourceTree = "<group>"; };
		B45D521418E535F400DBD47F /* Images.xcassets */ = {isa = PBXFileReference; lastKnownFileType = folder.assetcatalog; path = Images.xcassets; sourceTree = "<group>"; };
		B45D521A18E535F400DBD47F /* ExploringScrollViewIOS7Tests.xctest */ = {isa = PBXFileReference; explicitFileType = wrapper.cfbundle; includeInIndex = 0; path = ExploringScrollViewIOS7Tests.xctest; sourceTree = BUILT_PRODUCTS_DIR; };
		B45D521B18E535F400DBD47F /* XCTest.framework */ = {isa = PBXFileReference; lastKnownFileType = wrapper.framework; name = XCTest.framework; path = Library/Frameworks/XCTest.framework; sourceTree = DEVELOPER_DIR; };
		B45D522318E535F400DBD47F /* ExploringScrollViewIOS7Tests-Info.plist */ = {isa = PBXFileReference; lastKnownFileType = text.plist.xml; path = "ExploringScrollViewIOS7Tests-Info.plist"; sourceTree = "<group>"; };
		B45D522518E535F400DBD47F /* en */ = {isa = PBXFileReference; lastKnownFileType = text.plist.strings; name = en; path = en.lproj/InfoPlist.strings; sourceTree = "<group>"; };
		B45D522718E535F400DBD47F /* DemoAppTests.m */ = {isa = PBXFileReference; lastKnownFileType = sourcecode.c.objc; path = DemoAppTests.m; sourceTree = "<group>"; };
		B45D523118E53E7400DBD47F /* TKViewController.xib */ = {isa = PBXFileReference; fileEncoding = 4; lastKnownFileType = file.xib; path = TKViewController.xib; sourceTree = "<group>"; };
		B461D76718E56A1900DA6240 /* UIView+AutoLayout.h */ = {isa = PBXFileReference; fileEncoding = 4; lastKnownFileType = sourcecode.c.h; path = "UIView+AutoLayout.h"; sourceTree = "<group>"; };
		B461D76818E56A1900DA6240 /* UIView+AutoLayout.m */ = {isa = PBXFileReference; fileEncoding = 4; lastKnownFileType = sourcecode.c.objc; path = "UIView+AutoLayout.m"; sourceTree = "<group>"; };
		B461D76A18E5701D00DA6240 /* ExploringScrollViewIOS7-Info.plist */ = {isa = PBXFileReference; fileEncoding = 4; lastKnownFileType = text.plist.xml; path = "ExploringScrollViewIOS7-Info.plist"; sourceTree = "<group>"; };
		B461D76C18E579CD00DA6240 /* TKScrollCell.h */ = {isa = PBXFileReference; fileEncoding = 4; lastKnownFileType = sourcecode.c.h; path = TKScrollCell.h; sourceTree = "<group>"; };
		B461D76D18E579CD00DA6240 /* TKScrollCell.m */ = {isa = PBXFileReference; fileEncoding = 4; lastKnownFileType = sourcecode.c.objc; path = TKScrollCell.m; sourceTree = "<group>"; };
		B461D76E18E579CD00DA6240 /* TKScrollCell.xib */ = {isa = PBXFileReference; fileEncoding = 4; lastKnownFileType = file.xib; path = TKScrollCell.xib; sourceTree = "<group>"; };
/* End PBXFileReference section */

/* Begin PBXFrameworksBuildPhase section */
		B45D51F618E535F400DBD47F /* Frameworks */ = {
			isa = PBXFrameworksBuildPhase;
			buildActionMask = 2147483647;
			files = (
				B45D51FF18E535F400DBD47F /* CoreGraphics.framework in Frameworks */,
				B45D520118E535F400DBD47F /* UIKit.framework in Frameworks */,
				B45D51FD18E535F400DBD47F /* Foundation.framework in Frameworks */,
			);
			runOnlyForDeploymentPostprocessing = 0;
		};
		B45D521718E535F400DBD47F /* Frameworks */ = {
			isa = PBXFrameworksBuildPhase;
			buildActionMask = 2147483647;
			files = (
				B45D521C18E535F400DBD47F /* XCTest.framework in Frameworks */,
				B45D521E18E535F400DBD47F /* UIKit.framework in Frameworks */,
				B45D521D18E535F400DBD47F /* Foundation.framework in Frameworks */,
			);
			runOnlyForDeploymentPostprocessing = 0;
		};
/* End PBXFrameworksBuildPhase section */

/* Begin PBXGroup section */
		B45D51F018E535F400DBD47F = {
			isa = PBXGroup;
			children = (
				B45D520218E535F400DBD47F /* DemoApp */,
				B45D522118E535F400DBD47F /* DemoAppTests */,
				B45D51FB18E535F400DBD47F /* Frameworks */,
				B45D51FA18E535F400DBD47F /* Products */,
			);
			sourceTree = "<group>";
		};
		B45D51FA18E535F400DBD47F /* Products */ = {
			isa = PBXGroup;
			children = (
				B45D51F918E535F400DBD47F /* ExploringScrollViewIOS7.app */,
				B45D521A18E535F400DBD47F /* ExploringScrollViewIOS7Tests.xctest */,
			);
			name = Products;
			sourceTree = "<group>";
		};
		B45D51FB18E535F400DBD47F /* Frameworks */ = {
			isa = PBXGroup;
			children = (
				B45D51FC18E535F400DBD47F /* Foundation.framework */,
				B45D51FE18E535F400DBD47F /* CoreGraphics.framework */,
				B45D520018E535F400DBD47F /* UIKit.framework */,
				B45D521B18E535F400DBD47F /* XCTest.framework */,
			);
			name = Frameworks;
			sourceTree = "<group>";
		};
		B45D520218E535F400DBD47F /* DemoApp */ = {
			isa = PBXGroup;
			children = (
				B461D76718E56A1900DA6240 /* UIView+AutoLayout.h */,
				B461D76818E56A1900DA6240 /* UIView+AutoLayout.m */,
				B45D520B18E535F400DBD47F /* TKAppDelegate.h */,
				B45D520C18E535F400DBD47F /* TKAppDelegate.m */,
				B45D521118E535F400DBD47F /* TKViewController.h */,
				B45D521218E535F400DBD47F /* TKViewController.m */,
				B45D523118E53E7400DBD47F /* TKViewController.xib */,
				B461D76C18E579CD00DA6240 /* TKScrollCell.h */,
				B461D76D18E579CD00DA6240 /* TKScrollCell.m */,
				B461D76E18E579CD00DA6240 /* TKScrollCell.xib */,
				B45D521418E535F400DBD47F /* Images.xcassets */,
				B45D520318E535F400DBD47F /* Supporting Files */,
			);
			path = DemoApp;
			sourceTree = "<group>";
		};
		B45D520318E535F400DBD47F /* Supporting Files */ = {
			isa = PBXGroup;
			children = (
				B461D76A18E5701D00DA6240 /* ExploringScrollViewIOS7-Info.plist */,
				B45D520518E535F400DBD47F /* InfoPlist.strings */,
				B45D520818E535F400DBD47F /* main.m */,
				B45D520A18E535F400DBD47F /* ExploringScrollViewIOS7-Prefix.pch */,
			);
			name = "Supporting Files";
			sourceTree = "<group>";
		};
		B45D522118E535F400DBD47F /* DemoAppTests */ = {
			isa = PBXGroup;
			children = (
				B45D522718E535F400DBD47F /* DemoAppTests.m */,
				B45D522218E535F400DBD47F /* Supporting Files */,
			);
			path = DemoAppTests;
			sourceTree = "<group>";
		};
		B45D522218E535F400DBD47F /* Supporting Files */ = {
			isa = PBXGroup;
			children = (
				B45D522318E535F400DBD47F /* ExploringScrollViewIOS7Tests-Info.plist */,
				B45D522418E535F400DBD47F /* InfoPlist.strings */,
			);
			name = "Supporting Files";
			sourceTree = "<group>";
		};
/* End PBXGroup section */

/* Begin PBXNativeTarget section */
		B45D51F818E535F400DBD47F /* ExploringScrollViewIOS7 */ = {
			isa = PBXNativeTarget;
			buildConfigurationList = B45D522B18E535F400DBD47F /* Build configuration list for PBXNativeTarget "ExploringScrollViewIOS7" */;
			buildPhases = (
				B45D51F518E535F400DBD47F /* Sources */,
				B45D51F618E535F400DBD47F /* Frameworks */,
				B45D51F718E535F400DBD47F /* Resources */,
			);
			buildRules = (
			);
			dependencies = (
			);
			name = ExploringScrollViewIOS7;
			productName = DemoApp;
			productReference = B45D51F918E535F400DBD47F /* ExploringScrollViewIOS7.app */;
			productType = "com.apple.product-type.application";
		};
		B45D521918E535F400DBD47F /* ExploringScrollViewIOS7Tests */ = {
			isa = PBXNativeTarget;
			buildConfigurationList = B45D522E18E535F400DBD47F /* Build configuration list for PBXNativeTarget "ExploringScrollViewIOS7Tests" */;
			buildPhases = (
				B45D521618E535F400DBD47F /* Sources */,
				B45D521718E535F400DBD47F /* Frameworks */,
				B45D521818E535F400DBD47F /* Resources */,
			);
			buildRules = (
			);
			dependencies = (
				B45D522018E535F400DBD47F /* PBXTargetDependency */,
			);
			name = ExploringScrollViewIOS7Tests;
			productName = DemoAppTests;
			productReference = B45D521A18E535F400DBD47F /* ExploringScrollViewIOS7Tests.xctest */;
			productType = "com.apple.product-type.bundle.unit-test";
		};
/* End PBXNativeTarget section */

/* Begin PBXProject section */
		B45D51F118E535F400DBD47F /* Project object */ = {
			isa = PBXProject;
			attributes = {
				CLASSPREFIX = TK;
				LastUpgradeCheck = 0510;
				ORGANIZATIONNAME = "Triệu Khang";
				TargetAttributes = {
					B45D51F818E535F400DBD47F = {
						DevelopmentTeam = 3HQ4QKMBWB;
					};
					B45D521918E535F400DBD47F = {
						TestTargetID = B45D51F818E535F400DBD47F;
					};
				};
			};
			buildConfigurationList = B45D51F418E535F400DBD47F /* Build configuration list for PBXProject "ExploringScrollViewIOS7" */;
			compatibilityVersion = "Xcode 3.2";
			developmentRegion = English;
			hasScannedForEncodings = 0;
			knownRegions = (
				en,
				Base,
			);
			mainGroup = B45D51F018E535F400DBD47F;
			productRefGroup = B45D51FA18E535F400DBD47F /* Products */;
			projectDirPath = "";
			projectRoot = "";
			targets = (
				B45D51F818E535F400DBD47F /* ExploringScrollViewIOS7 */,
				B45D521918E535F400DBD47F /* ExploringScrollViewIOS7Tests */,
			);
		};
/* End PBXProject section */

/* Begin PBXResourcesBuildPhase section */
		B45D51F718E535F400DBD47F /* Resources */ = {
			isa = PBXResourcesBuildPhase;
			buildActionMask = 2147483647;
			files = (
				B461D77018E579CD00DA6240 /* TKScrollCell.xib in Resources */,
				B45D521518E535F400DBD47F /* Images.xcassets in Resources */,
				B461D76B18E5701D00DA6240 /* ExploringScrollViewIOS7-Info.plist in Resources */,
				B45D520718E535F400DBD47F /* InfoPlist.strings in Resources */,
				B45D523218E53E7400DBD47F /* TKViewController.xib in Resources */,
			);
			runOnlyForDeploymentPostprocessing = 0;
		};
		B45D521818E535F400DBD47F /* Resources */ = {
			isa = PBXResourcesBuildPhase;
			buildActionMask = 2147483647;
			files = (
				B45D522618E535F400DBD47F /* InfoPlist.strings in Resources */,
			);
			runOnlyForDeploymentPostprocessing = 0;
		};
/* End PBXResourcesBuildPhase section */

/* Begin PBXSourcesBuildPhase section */
		B45D51F518E535F400DBD47F /* Sources */ = {
			isa = PBXSourcesBuildPhase;
			buildActionMask = 2147483647;
			files = (
				B45D521318E535F400DBD47F /* TKViewController.m in Sources */,
				B461D76F18E579CD00DA6240 /* TKScrollCell.m in Sources */,
				B461D76918E56A1900DA6240 /* UIView+AutoLayout.m in Sources */,
				B45D520918E535F400DBD47F /* main.m in Sources */,
				B45D520D18E535F400DBD47F /* TKAppDelegate.m in Sources */,
			);
			runOnlyForDeploymentPostprocessing = 0;
		};
		B45D521618E535F400DBD47F /* Sources */ = {
			isa = PBXSourcesBuildPhase;
			buildActionMask = 2147483647;
			files = (
				B45D522818E535F400DBD47F /* DemoAppTests.m in Sources */,
			);
			runOnlyForDeploymentPostprocessing = 0;
		};
/* End PBXSourcesBuildPhase section */

/* Begin PBXTargetDependency section */
		B45D522018E535F400DBD47F /* PBXTargetDependency */ = {
			isa = PBXTargetDependency;
			target = B45D51F818E535F400DBD47F /* ExploringScrollViewIOS7 */;
			targetProxy = B45D521F18E535F400DBD47F /* PBXContainerItemProxy */;
		};
/* End PBXTargetDependency section */

/* Begin PBXVariantGroup section */
		B45D520518E535F400DBD47F /* InfoPlist.strings */ = {
			isa = PBXVariantGroup;
			children = (
				B45D520618E535F400DBD47F /* en */,
			);
			name = InfoPlist.strings;
			sourceTree = "<group>";
		};
		B45D522418E535F400DBD47F /* InfoPlist.strings */ = {
			isa = PBXVariantGroup;
			children = (
				B45D522518E535F400DBD47F /* en */,
			);
			name = InfoPlist.strings;
			sourceTree = "<group>";
		};
/* End PBXVariantGroup section */

/* Begin XCBuildConfiguration section */
		B45D522918E535F400DBD47F /* Debug */ = {
			isa = XCBuildConfiguration;
			buildSettings = {
				ALWAYS_SEARCH_USER_PATHS = NO;
				CLANG_CXX_LANGUAGE_STANDARD = "gnu++0x";
				CLANG_CXX_LIBRARY = "libc++";
				CLANG_ENABLE_MODULES = YES;
				CLANG_ENABLE_OBJC_ARC = YES;
				CLANG_WARN_BOOL_CONVERSION = YES;
				CLANG_WARN_CONSTANT_CONVERSION = YES;
				CLANG_WARN_DIRECT_OBJC_ISA_USAGE = YES_ERROR;
				CLANG_WARN_EMPTY_BODY = YES;
				CLANG_WARN_ENUM_CONVERSION = YES;
				CLANG_WARN_INT_CONVERSION = YES;
				CLANG_WARN_OBJC_ROOT_CLASS = YES_ERROR;
				CLANG_WARN__DUPLICATE_METHOD_MATCH = YES;
				COPY_PHASE_STRIP = NO;
				GCC_C_LANGUAGE_STANDARD = gnu99;
				GCC_DYNAMIC_NO_PIC = NO;
				GCC_OPTIMIZATION_LEVEL = 0;
				GCC_PREPROCESSOR_DEFINITIONS = (
					"DEBUG=1",
					"$(inherited)",
				);
				GCC_SYMBOLS_PRIVATE_EXTERN = NO;
				GCC_WARN_64_TO_32_BIT_CONVERSION = YES;
				GCC_WARN_ABOUT_RETURN_TYPE = YES_ERROR;
				GCC_WARN_UNDECLARED_SELECTOR = YES;
				GCC_WARN_UNINITIALIZED_AUTOS = YES_AGGRESSIVE;
				GCC_WARN_UNUSED_FUNCTION = YES;
				GCC_WARN_UNUSED_VARIABLE = YES;
				IPHONEOS_DEPLOYMENT_TARGET = 7.1;
				ONLY_ACTIVE_ARCH = YES;
				SDKROOT = iphoneos;
			};
			name = Debug;
		};
		B45D522A18E535F400DBD47F /* Release */ = {
			isa = XCBuildConfiguration;
			buildSettings = {
				ALWAYS_SEARCH_USER_PATHS = NO;
				CLANG_CXX_LANGUAGE_STANDARD = "gnu++0x";
				CLANG_CXX_LIBRARY = "libc++";
				CLANG_ENABLE_MODULES = YES;
				CLANG_ENABLE_OBJC_ARC = YES;
				CLANG_WARN_BOOL_CONVERSION = YES;
				CLANG_WARN_CONSTANT_CONVERSION = YES;
				CLANG_WARN_DIRECT_OBJC_ISA_USAGE = YES_ERROR;
				CLANG_WARN_EMPTY_BODY = YES;
				CLANG_WARN_ENUM_CONVERSION = YES;
				CLANG_WARN_INT_CONVERSION = YES;
				CLANG_WARN_OBJC_ROOT_CLASS = YES_ERROR;
				CLANG_WARN__DUPLICATE_METHOD_MATCH = YES;
				COPY_PHASE_STRIP = YES;
				ENABLE_NS_ASSERTIONS = NO;
				GCC_C_LANGUAGE_STANDARD = gnu99;
				GCC_WARN_64_TO_32_BIT_CONVERSION = YES;
				GCC_WARN_ABOUT_RETURN_TYPE = YES_ERROR;
				GCC_WARN_UNDECLARED_SELECTOR = YES;
				GCC_WARN_UNINITIALIZED_AUTOS = YES_AGGRESSIVE;
				GCC_WARN_UNUSED_FUNCTION = YES;
				GCC_WARN_UNUSED_VARIABLE = YES;
				IPHONEOS_DEPLOYMENT_TARGET = 7.1;
				SDKROOT = iphoneos;
				VALIDATE_PRODUCT = YES;
			};
			name = Release;
		};
		B45D522C18E535F400DBD47F /* Debug */ = {
			isa = XCBuildConfiguration;
			buildSettings = {
				ASSETCATALOG_COMPILER_APPICON_NAME = AppIcon;
				ASSETCATALOG_COMPILER_LAUNCHIMAGE_NAME = LaunchImage;
				CODE_SIGN_IDENTITY = "iPhone Developer";
				"CODE_SIGN_IDENTITY[sdk=iphoneos*]" = "iPhone Developer";
				GCC_PRECOMPILE_PREFIX_HEADER = YES;
				GCC_PREFIX_HEADER = "DemoApp/ExploringScrollViewIOS7-Prefix.pch";
				INFOPLIST_FILE = "DemoApp/ExploringScrollViewIOS7-Info.plist";
				IPHONEOS_DEPLOYMENT_TARGET = 7.1;
				PRODUCT_NAME = ExploringScrollViewIOS7;
				PROVISIONING_PROFILE = "";
				WRAPPER_EXTENSION = app;
			};
			name = Debug;
		};
		B45D522D18E535F400DBD47F /* Release */ = {
			isa = XCBuildConfiguration;
			buildSettings = {
				ASSETCATALOG_COMPILER_APPICON_NAME = AppIcon;
				ASSETCATALOG_COMPILER_LAUNCHIMAGE_NAME = LaunchImage;
				CODE_SIGN_IDENTITY = "iPhone Developer";
				"CODE_SIGN_IDENTITY[sdk=iphoneos*]" = "iPhone Developer";
				GCC_PRECOMPILE_PREFIX_HEADER = YES;
				GCC_PREFIX_HEADER = "DemoApp/ExploringScrollViewIOS7-Prefix.pch";
				INFOPLIST_FILE = "DemoApp/ExploringScrollViewIOS7-Info.plist";
				IPHONEOS_DEPLOYMENT_TARGET = 7.1;
				PRODUCT_NAME = ExploringScrollViewIOS7;
				PROVISIONING_PROFILE = "";
				WRAPPER_EXTENSION = app;
			};
			name = Release;
		};
		B45D522F18E535F400DBD47F /* Debug */ = {
			isa = XCBuildConfiguration;
			buildSettings = {
				BUNDLE_LOADER = "$(BUILT_PRODUCTS_DIR)/DemoApp.app/DemoApp";
				FRAMEWORK_SEARCH_PATHS = (
					"$(SDKROOT)/Developer/Library/Frameworks",
					"$(inherited)",
					"$(DEVELOPER_FRAMEWORKS_DIR)",
				);
				GCC_PRECOMPILE_PREFIX_HEADER = YES;
				GCC_PREFIX_HEADER = "DemoApp/DemoApp-Prefix.pch";
				GCC_PREPROCESSOR_DEFINITIONS = (
					"DEBUG=1",
					"$(inherited)",
				);
				INFOPLIST_FILE = "DemoAppTests/ExploringScrollViewIOS7Tests-Info.plist";
				PRODUCT_NAME = ExploringScrollViewIOS7Tests;
				TEST_HOST = "$(BUNDLE_LOADER)";
				WRAPPER_EXTENSION = xctest;
			};
			name = Debug;
		};
		B45D523018E535F400DBD47F /* Release */ = {
			isa = XCBuildConfiguration;
			buildSettings = {
				BUNDLE_LOADER = "$(BUILT_PRODUCTS_DIR)/DemoApp.app/DemoApp";
				FRAMEWORK_SEARCH_PATHS = (
					"$(SDKROOT)/Developer/Library/Frameworks",
					"$(inherited)",
					"$(DEVELOPER_FRAMEWORKS_DIR)",
				);
				GCC_PRECOMPILE_PREFIX_HEADER = YES;
				GCC_PREFIX_HEADER = "DemoApp/DemoApp-Prefix.pch";
				INFOPLIST_FILE = "DemoAppTests/ExploringScrollViewIOS7Tests-Info.plist";
				PRODUCT_NAME = ExploringScrollViewIOS7Tests;
				TEST_HOST = "$(BUNDLE_LOADER)";
				WRAPPER_EXTENSION = xctest;
			};
			name = Release;
		};
/* End XCBuildConfiguration section */

/* Begin XCConfigurationList section */
		B45D51F418E535F400DBD47F /* Build configuration list for PBXProject "ExploringScrollViewIOS7" */ = {
			isa = XCConfigurationList;
			buildConfigurations = (
				B45D522918E535F400DBD47F /* Debug */,
				B45D522A18E535F400DBD47F /* Release */,
			);
			defaultConfigurationIsVisible = 0;
			defaultConfigurationName = Release;
		};
		B45D522B18E535F400DBD47F /* Build configuration list for PBXNativeTarget "ExploringScrollViewIOS7" */ = {
			isa = XCConfigurationList;
			buildConfigurations = (
				B45D522C18E535F400DBD47F /* Debug */,
				B45D522D18E535F400DBD47F /* Release */,
			);
			defaultConfigurationIsVisible = 0;
			defaultConfigurationName = Release;
		};
		B45D522E18E535F400DBD47F /* Build configuration list for PBXNativeTarget "ExploringScrollViewIOS7Tests" */ = {
			isa = XCConfigurationList;
			buildConfigurations = (
				B45D522F18E535F400DBD47F /* Debug */,
				B45D523018E535F400DBD47F /* Release */,
			);
			defaultConfigurationIsVisible = 0;
			defaultConfigurationName = Release;
		};
/* End XCConfigurationList section */
	};
	rootObject = B45D51F118E535F400DBD47F /* Project object */;
}
